uuid: d4b27318-eb19-4284-b2e9-9b5d1dc72a17
langcode: en
status: true
dependencies:
  module:
    - admin_feedback
    - node
    - user
  theme:
    - common_design_subtheme
id: common_design_subtheme_adminfeedbackblock
theme: common_design_subtheme
region: content
weight: -2
provider: null
plugin: admin_feedback_block
settings:
  id: admin_feedback_block
  label: Feedback
  label_display: visible
  provider: admin_feedback
visibility:
  'entity_bundle:node':
    id: 'entity_bundle:node'
    negate: false
    context_mapping:
      node: '@node.node_route_context:node'
    bundles:
      action_points: action_points
      summary: summary
  user_role:
    id: user_role
    negate: false
    context_mapping:
      user: '@user.current_user_context:current_user'
    roles:
      administrator: administrator
      document_analyzer: document_analyzer
